# This file was autogenerated by Stack.
# You should not edit this file by hand.
# For more information, please see the documentation at:
#   https://docs.haskellstack.org/en/stable/topics/lock_files

packages:
- completed:
    hackage: proteaaudio-0.10.1@sha256:1de76a1fc5ff15773c41f85689965455e8be770c8a88542e8ac1159c81b77868,2952
    pantry-tree:
      sha256: fef527961487a63e3ed0f14b01807d91d1a3de0c965efe9335ed80d702693494
      size: 1992
  original:
    hackage: proteaaudio-0.10.1
- completed:
    hackage: proteaaudio-sdl-0.10.1@sha256:4f15bd7014381684908ea174283267a5df8368cae28e9e4af65e47bc600e54f8,2158
    pantry-tree:
      sha256: fd0b3e4af5feae046826113d85ec218d4c4c12e87d4bbf4da5460b7c8a4f9ae8
      size: 942
  original:
    hackage: proteaaudio-sdl-0.10.1
- completed:
    hackage: http-tower-hs-0.3.1.0@sha256:5bd25c642025d7975478c2832b2b6661fefa0171c26db1698a323e500544a5f1,3629
    pantry-tree:
      sha256: 2b18095d1857788140252dc1e53bb3e8c550e77516944e310ab03c88b73a645e
      size: 1935
  original:
    hackage: http-tower-hs-0.3.1.0
- completed:
    hackage: tower-hs-0.3.0.1@sha256:c7a38cdc9cfb40ddba7f3dadbd0c8be261af6d4c7d05870719ea5767b7438a14,2815
    pantry-tree:
      sha256: 7d317299824b9772975518d639c602224549a484a00aeaa4ab16483cc5b1acbc
      size: 2068
  original:
    hackage: tower-hs-0.3.0.1
- completed:
    hackage: hs-opentelemetry-api-0.3.1.0@sha256:54ab25b0764464733be287ced1b6aab70c12d99c7ec933b7415a59914d531dc5,4199
    pantry-tree:
      sha256: a4ec6af0393c57f6c45848ea949cc4a185051bac037df6fd6258df547965c4ba
      size: 4709
  original:
    hackage: hs-opentelemetry-api-0.3.1.0
- completed:
    hackage: thread-utils-context-0.3.0.4@sha256:e763da1c6cab3b6d378fb670ca74aa9bf03c9b61b6fcf7628c56363fb0e3e71e,1671
    pantry-tree:
      sha256: 57d909a991b5e0b4c7a28121cb52ee9c2db6c09e0419b89af6c82fae52be88d4
      size: 397
  original:
    hackage: thread-utils-context-0.3.0.4
- completed:
    hackage: thread-utils-finalizers-0.1.1.0@sha256:24944b71d9f1d01695a5908b4a3b44838fab870883114a323336d537995e0a5b,1381
    pantry-tree:
      sha256: 8c2c2e2e22c20bf3696ee6f30b50b3a9eeae187a22beb536441eefb0a3f9c549
      size: 400
  original:
    hackage: thread-utils-finalizers-0.1.1.0
snapshots:
- completed:
    sha256: a6882445afe04fd38791656e3667b491d92b9c27bcf18cda7e01c73016e828ee
    size: 728959
    url: https://raw.githubusercontent.com/commercialhaskell/stackage-snapshots/master/lts/24/36.yaml
  original:
    url: https://raw.githubusercontent.com/commercialhaskell/stackage-snapshots/master/lts/24/36.yaml
